# THIS IS AN AUTOGENERATED FILE. DO NOT EDIT THIS FILE DIRECTLY.
# yarn lockfile v1


"@types/async@2.0.49":
  version "2.0.49"
  resolved "https://registry.yarnpkg.com/@types/async/-/async-2.0.49.tgz#92e33d13f74c895cb9a7f38ba97db8431ed14bc0"
  integrity sha512-Benr3i5odUkvpFkOpzGqrltGdbSs+EVCkEBGXbuR7uT0VzhXKIkhem6PDzHdx5EonA+rfbB3QvP6aDOw5+zp5Q==

"@types/zen-observable@^0.8.0":
  version "0.8.0"
  resolved "https://registry.yarnpkg.com/@types/zen-observable/-/zen-observable-0.8.0.tgz#8b63ab7f1aa5321248aad5ac890a485656dcea4d"
  integrity sha512-te5lMAWii1uEJ4FwLjzdlbw3+n0FZNOvFXHxQDKeT0dilh7HOzdMzV2TrJVUzq8ep7J4Na8OUYPRLSQkJHAlrg==

ansi-styles@^3.2.1:
  version "3.2.1"
  resolved "https://registry.yarnpkg.com/ansi-styles/-/ansi-styles-3.2.1.tgz#41fbb20243e50b12be0f04b8dedbf07520ce841d"
  integrity sha512-VT0ZI6kZRdTh8YyJw3SMbYm/u+NqfsAxEpWO0Pf9sq8/e94WxxOpPKx9FR1FlyCtOVDNOQ+8ntlqFxiRc+r5qA==
  dependencies:
    color-convert "^1.9.0"

apollo-cache-inmemory@^1.2.10:
  version "1.2.10"
  resolved "https://registry.yarnpkg.com/apollo-cache-inmemory/-/apollo-cache-inmemory-1.2.10.tgz#362d6c36cfd815a309b966f71e5d2b6c770c7989"
  integrity sha512-eBusPFVtYIuo+PIfJdAwUCQ4cs7AJ4mB7sTdXxNQCXToYw8mzE6EfHnV37kdVfBXSaa82BzE2rb/YUq/duuamw==
  dependencies:
    apollo-cache "^1.1.17"
    apollo-utilities "^1.0.21"
    graphql-anywhere "^4.1.19"

apollo-cache@1.1.17, apollo-cache@^1.1.17:
  version "1.1.17"
  resolved "https://registry.yarnpkg.com/apollo-cache/-/apollo-cache-1.1.17.tgz#1fcca8423125223723b97fd72808be91a1a76490"
  integrity sha512-7sp24n2HZO4vXgTaKNomLyIfGxG4gDdDkBB0jkRzRi7HhnKmfwhiF/RCiKNbgLdrPX151INdls0KwIVliD0dHQ==
  dependencies:
    apollo-utilities "^1.0.21"

apollo-client@^2.4.2:
  version "2.4.2"
  resolved "https://registry.yarnpkg.com/apollo-client/-/apollo-client-2.4.2.tgz#d2f044d8740723bf98a6d8d8b9684ee8c36150e6"
  integrity sha512-g1z23umaVSoKLj9xNl0aAnk2KBF4JeBi7MeKFc9CGTixH7TkqeQUQtxcjrC7j2h4KmDbuhOAHOFUGf8YshN+ag==
  dependencies:
    "@types/zen-observable" "^0.8.0"
    apollo-cache "1.1.17"
    apollo-link "^1.0.0"
    apollo-link-dedup "^1.0.0"
    apollo-utilities "1.0.21"
    symbol-observable "^1.0.2"
    zen-observable "^0.8.0"
  optionalDependencies:
    "@types/async" "2.0.49"

apollo-link-context@^1.0.9:
  version "1.0.9"
  resolved "https://registry.yarnpkg.com/apollo-link-context/-/apollo-link-context-1.0.9.tgz#7fbc034de44546e957a840be76b2f6277c785e8f"
  integrity sha512-gcC1WH7mTyNtS0bF4fPijepXqnERwZjm1JCkuOT6ADBTpDTXIqK+Ec+/QkVawDO26EV9OX5ujWe4kI1qC6T6tA==
  dependencies:
    apollo-link "^1.2.3"

apollo-link-dedup@^1.0.0:
  version "1.0.10"
  resolved "https://registry.yarnpkg.com/apollo-link-dedup/-/apollo-link-dedup-1.0.10.tgz#7b94589fe7f969777efd18a129043c78430800ae"
  integrity sha512-tpUI9lMZsidxdNygSY1FxflXEkUZnvKRkMUsXXuQUNoSLeNtEvUX7QtKRAl4k9ubLl8JKKc9X3L3onAFeGTK8w==
  dependencies:
    apollo-link "^1.2.3"

apollo-link-http-common@^0.2.5:
  version "0.2.5"
  resolved "https://registry.yarnpkg.com/apollo-link-http-common/-/apollo-link-http-common-0.2.5.tgz#d094beb7971523203359bf830bfbfa7b4e7c30ed"
  integrity sha512-6FV1wr5AqAyJ64Em1dq5hhGgiyxZE383VJQmhIoDVc3MyNcFL92TkhxREOs4rnH2a9X2iJMko7nodHSGLC6d8w==
  dependencies:
    apollo-link "^1.2.3"

apollo-link-http@^1.5.5:
  version "1.5.5"
  resolved "https://registry.yarnpkg.com/apollo-link-http/-/apollo-link-http-1.5.5.tgz#7dbe851821771ad67fa29e3900c57f38cbd80da8"
  integrity sha512-C5N6N/mRwmepvtzO27dgMEU3MMtRKSqcljBkYNZmWwH11BxkUQ5imBLPM3V4QJXNE7NFuAQAB5PeUd4ligivTQ==
  dependencies:
    apollo-link "^1.2.3"
    apollo-link-http-common "^0.2.5"

apollo-link@^1.0.0, apollo-link@^1.2.3:
  version "1.2.3"
  resolved "https://registry.yarnpkg.com/apollo-link/-/apollo-link-1.2.3.tgz#9bd8d5fe1d88d31dc91dae9ecc22474d451fb70d"
  integrity sha512-iL9yS2OfxYhigme5bpTbmRyC+Htt6tyo2fRMHT3K1XRL/C5IQDDz37OjpPy4ndx7WInSvfSZaaOTKFja9VWqSw==
  dependencies:
    apollo-utilities "^1.0.0"
    zen-observable-ts "^0.8.10"

apollo-utilities@1.0.21, apollo-utilities@^1.0.0, apollo-utilities@^1.0.21:
  version "1.0.21"
  resolved "https://registry.yarnpkg.com/apollo-utilities/-/apollo-utilities-1.0.21.tgz#cb8b5779fe275850b16046ff8373f4af2de90765"
  integrity sha512-ZcxELlEl+sDCYBgEMdNXJAsZtRVm8wk4HIA58bMsqYfd1DSAJQEtZ93F0GZgYNAGy3QyaoBeZtbb0/01++G8JQ==
  dependencies:
    fast-json-stable-stringify "^2.0.0"
    fclone "^1.0.11"

chalk@^2.4.1:
  version "2.4.1"
  resolved "https://registry.yarnpkg.com/chalk/-/chalk-2.4.1.tgz#18c49ab16a037b6eb0152cc83e3471338215b66e"
  integrity sha512-ObN6h1v2fTJSmUXoS3nMQ92LbDK9be4TV+6G+omQlGJFdcUX5heKi1LZ1YnRMIgwTLEj3E24bT6tYni50rlCfQ==
  dependencies:
    ansi-styles "^3.2.1"
    escape-string-regexp "^1.0.5"
    supports-color "^5.3.0"

color-convert@^1.9.0:
  version "1.9.3"
  resolved "https://registry.yarnpkg.com/color-convert/-/color-convert-1.9.3.tgz#bb71850690e1f136567de629d2d5471deda4c1e8"
  integrity sha512-QfAUtd+vFdAtFQcC8CCyYt1fYWxSqAiK2cSD6zDB8N3cpsEBAvRxp9zOGg6G/SHHJYAT88/az/IuDGALsNVbGg==
  dependencies:
    color-name "1.1.3"

color-name@1.1.3:
  version "1.1.3"
  resolved "https://registry.yarnpkg.com/color-name/-/color-name-1.1.3.tgz#a7d0558bd89c42f795dd42328f740831ca53bc25"
  integrity sha1-p9BVi9icQveV3UIyj3QIMcpTvCU=

escape-string-regexp@^1.0.5:
  version "1.0.5"
  resolved "https://registry.yarnpkg.com/escape-string-regexp/-/escape-string-regexp-1.0.5.tgz#1b61c0562190a8dff6ae3bb2cf0200ca130b86d4"
  integrity sha1-G2HAViGQqN/2rjuyzwIAyhMLhtQ=

fast-json-stable-stringify@^2.0.0:
  version "2.0.0"
  resolved "https://registry.yarnpkg.com/fast-json-stable-stringify/-/fast-json-stable-stringify-2.0.0.tgz#d5142c0caee6b1189f87d3a76111064f86c8bbf2"
  integrity sha1-1RQsDK7msRifh9OnYREGT4bIu/I=

fclone@^1.0.11:
  version "1.0.11"
  resolved "https://registry.yarnpkg.com/fclone/-/fclone-1.0.11.tgz#10e85da38bfea7fc599341c296ee1d77266ee640"
  integrity sha1-EOhdo4v+p/xZk0HClu4ddyZu5kA=

graphql-anywhere@^4.1.19:
  version "4.1.19"
  resolved "https://registry.yarnpkg.com/graphql-anywhere/-/graphql-anywhere-4.1.19.tgz#5f6ca3b58218e5449f4798e3c6d942fcd2fef082"
  integrity sha512-mQlvbECzYPBcgBC9JsdM4v+DSvNmcIP+8Vwr+ij3gktbaLSE0Iza30mztuz40Jlf7ooMs+0emBZucNjLzqz7tA==
  dependencies:
    apollo-utilities "^1.0.21"

graphql-tag@^2.10.0:
  version "2.10.0"
  resolved "https://registry.yarnpkg.com/graphql-tag/-/graphql-tag-2.10.0.tgz#87da024be863e357551b2b8700e496ee2d4353ae"
  integrity sha512-9FD6cw976TLLf9WYIUPCaaTpniawIjHWZSwIRZSjrfufJamcXbVVYfN2TWvJYbw0Xf2JjYbl1/f2+wDnBVw3/w==

graphql@^14.0.2:
  version "14.0.2"
  resolved "https://registry.yarnpkg.com/graphql/-/graphql-14.0.2.tgz#7dded337a4c3fd2d075692323384034b357f5650"
  integrity sha512-gUC4YYsaiSJT1h40krG3J+USGlwhzNTXSb4IOZljn9ag5Tj+RkoXrWp+Kh7WyE3t1NCfab5kzCuxBIvOMERMXw==
  dependencies:
    iterall "^1.2.2"

has-flag@^3.0.0:
  version "3.0.0"
  resolved "https://registry.yarnpkg.com/has-flag/-/has-flag-3.0.0.tgz#b5d454dc2199ae225699f3467e5a07f3b955bafd"
  integrity sha1-tdRU3CGZriJWmfNGfloH87lVuv0=

iterall@^1.2.2:
  version "1.2.2"
  resolved "https://registry.yarnpkg.com/iterall/-/iterall-1.2.2.tgz#92d70deb8028e0c39ff3164fdbf4d8b088130cd7"
  integrity sha512-yynBb1g+RFUPY64fTrFv7nsjRrENBQJaX2UL+2Szc9REFrSNm1rpSXHGzhmAy7a9uv3vlvgBlXnf9RqmPH1/DA==

moment@^2.11.1:
  version "2.22.2"
  resolved "https://registry.yarnpkg.com/moment/-/moment-2.22.2.tgz#3c257f9839fc0e93ff53149632239eb90783ff66"
  integrity sha1-PCV/mDn8DpP/UxSWMiOeuQeD/2Y=

sortablejs@^1.7.0:
  version "1.7.0"
  resolved "https://registry.yarnpkg.com/sortablejs/-/sortablejs-1.7.0.tgz#80a2b2370abd568e1cec8c271131ef30a904fa28"
  integrity sha1-gKKyNwq9Vo4c7IwnETHvMKkE+ig=

supports-color@^5.3.0:
  version "5.5.0"
  resolved "https://registry.yarnpkg.com/supports-color/-/supports-color-5.5.0.tgz#e2e69a44ac8772f78a1ec0b35b689df6530efc8f"
  integrity sha512-QjVjwdXIt408MIiAqCX4oUKsgU2EqAGzs2Ppkm4aQYbjm+ZEWEcW4SfFNTr4uMNZma0ey4f5lgLrkB0aX0QMow==
  dependencies:
    has-flag "^3.0.0"

symbol-observable@^1.0.2:
  version "1.2.0"
  resolved "https://registry.yarnpkg.com/symbol-observable/-/symbol-observable-1.2.0.tgz#c22688aed4eab3cdc2dfeacbb561660560a00804"
  integrity sha512-e900nM8RRtGhlV36KGEU9k65K3mPb1WV70OdjfxlG2EAuM1noi/E/BaW/uMhL7bPEssK8QV57vN3esixjUvcXQ==

throttle-debounce@^2.0.0:
  version "2.0.1"
  resolved "https://registry.yarnpkg.com/throttle-debounce/-/throttle-debounce-2.0.1.tgz#7307ddd6cd9acadb349132fbf6c18d78c88a5e62"
  integrity sha512-Sr6jZBlWShsAaSXKyNXyNicOrJW/KtkDqIEwHt4wYwWA2wa/q67Luhqoujg48V8hTk60wB56tYrJJn6jc2R7VA==

vue-apollo@^3.0.0-beta.25:
  version "3.0.0-beta.25"
  resolved "https://registry.yarnpkg.com/vue-apollo/-/vue-apollo-3.0.0-beta.25.tgz#05a9a699b2ba6103639e9bd6c3bb88ca04c4b637"
  integrity sha512-M7/l3h0NlFvaZ/s/wrtRiOt3xXMbaNNuteGaCY+U5D0ABrQqvCgy5mayIZHurQxbloluNkbCt18wRKAgJTAuKA==
  dependencies:
    chalk "^2.4.1"
    throttle-debounce "^2.0.0"

vue-moment@^4.0.0:
  version "4.0.0"
  resolved "https://registry.yarnpkg.com/vue-moment/-/vue-moment-4.0.0.tgz#20809d1e7d7fca63d556fb8d008b95993d32f5ea"
  integrity sha512-lNkEPuA3i3A4q4TDSwOXoRF4Y2vHHdaTOSvpPyGgxoFQP8n4sUh6jU5aJj3FIMlXo5UaHLPIz5hvvpvYx9Wj0w==
  dependencies:
    moment "^2.11.1"

vuedraggable@^2.16.0:
  version "2.16.0"
  resolved "https://registry.yarnpkg.com/vuedraggable/-/vuedraggable-2.16.0.tgz#52127081a2adb3de5fabd214d404ff3eee63575a"
  integrity sha512-fr9gcWKXMJlzbbtJcrQs4kU7qdOZqd4SEpAcx+r0nykbW8AygZN0aKVpadEtI53T8A2azhzCdXMvEqrLuKE2fA==
  dependencies:
    sortablejs "^1.7.0"

zen-observable-ts@^0.8.10:
  version "0.8.10"
  resolved "https://registry.yarnpkg.com/zen-observable-ts/-/zen-observable-ts-0.8.10.tgz#18e2ce1c89fe026e9621fd83cc05168228fce829"
  integrity sha512-5vqMtRggU/2GhePC9OU4sYEWOdvmayp2k3gjPf4F0mXwB3CSbbNznfDUvDJx9O2ZTa1EIXdJhPchQveFKwNXPQ==
  dependencies:
    zen-observable "^0.8.0"

zen-observable@^0.8.0:
  version "0.8.9"
  resolved "https://registry.yarnpkg.com/zen-observable/-/zen-observable-0.8.9.tgz#0475c760ff0eda046bbdfa4dc3f95d392807ac53"
  integrity sha512-Y9kPzjGvIZ5jchSlqlCpBW3I82zBBL4z+ulXDRVA1NwsKzjt5kwAi+gOYIy0htNkfuehGZZtP5mRXHRV6TjDWw==
